
Microsoft Visual Studio Solution File, Format Version 12.00
# Visual Studio Version 17
VisualStudioVersion = 17.10.35027.167
MinimumVisualStudioVersion = 10.0.40219.1
Project("{9A19103F-16F7-4668-BE54-9A1E7A4F7556}") = "JayoShaderPlugin", "JayoShaderPlugin.csproj", "{2DD87A73-6BA6-4339-AD00-943EA94D58B8}"
EndProject
Global
	GlobalSection(SolutionConfigurationPlatforms) = preSolution
		Debug|Any CPU = Debug|Any CPU
		Release|Any CPU = Release|Any CPU
	EndGlobalSection
	GlobalSection(ProjectConfigurationPlatforms) = postSolution
		{2DD87A73-6BA6-4339-AD00-943EA94D58B8}.Debug|Any CPU.ActiveCfg = Debug|Any CPU
		{2DD87A73-6BA6-4339-AD00-943EA94D58B8}.Debug|Any CPU.Build.0 = Debug|Any CPU
		{2DD87A73-6BA6-4339-AD00-943EA94D58B8}.Release|Any CPU.ActiveCfg = Release|Any CPU
		{2DD87A73-6BA6-4339-AD00-943EA94D58B8}.Release|Any CPU.Build.0 = Release|Any CPU
	EndGlobalSection
	GlobalSection(SolutionProperties) = preSolution
		HideSolutionNode = FALSE
	EndGlobalSection
	GlobalSection(ExtensibilityGlobals) = postSolution
		SolutionGuid = {457B8589-4290-4B3A-9247-C99F3AA0636E}
	EndGlobalSection
EndGlobal
